
Microsoft Visual Studio Solution File, Format Version 12.00
# Visual Studio Version 16
VisualStudioVersion = 16.0.30907.101
MinimumVisualStudioVersion = 15.0.26124.0
Project("{FAE04EC0-301F-11D3-BF4B-00C04F79EFBC}") = "Verzel.TaskManager.WebAPI", "Verzel.TaskManager.WebAPI\Verzel.TaskManager.WebAPI.csproj", "{30942DBD-3C49-4563-BA9B-097A9D511C93}"
EndProject
Project("{FAE04EC0-301F-11D3-BF4B-00C04F79EFBC}") = "Verzel.TaskManager.WebAPI.Test", "Verzel.TaskManager.WebApi.Test\Verzel.TaskManager.WebAPI.Test.csproj", "{D985C7FF-0BA6-4EA9-9B71-158D229AEDBD}"
EndProject
Global
	GlobalSection(SolutionConfigurationPlatforms) = preSolution
		Debug|Any CPU = Debug|Any CPU
		Debug|x64 = Debug|x64
		Debug|x86 = Debug|x86
		Release|Any CPU = Release|Any CPU
		Release|x64 = Release|x64
		Release|x86 = Release|x86
	EndGlobalSection
	GlobalSection(ProjectConfigurationPlatforms) = postSolution
		{30942DBD-3C49-4563-BA9B-097A9D511C93}.Debug|Any CPU.ActiveCfg = Debug|Any CPU
		{30942DBD-3C49-4563-BA9B-097A9D511C93}.Debug|Any CPU.Build.0 = Debug|Any CPU
		{30942DBD-3C49-4563-BA9B-097A9D511C93}.Debug|x64.ActiveCfg = Debug|Any CPU
		{30942DBD-3C49-4563-BA9B-097A9D511C93}.Debug|x64.Build.0 = Debug|Any CPU
		{30942DBD-3C49-4563-BA9B-097A9D511C93}.Debug|x86.ActiveCfg = Debug|Any CPU
		{30942DBD-3C49-4563-BA9B-097A9D511C93}.Debug|x86.Build.0 = Debug|Any CPU
		{30942DBD-3C49-4563-BA9B-097A9D511C93}.Release|Any CPU.ActiveCfg = Release|Any CPU
		{30942DBD-3C49-4563-BA9B-097A9D511C93}.Release|Any CPU.Build.0 = Release|Any CPU
		{30942DBD-3C49-4563-BA9B-097A9D511C93}.Release|x64.ActiveCfg = Release|Any CPU
		{30942DBD-3C49-4563-BA9B-097A9D511C93}.Release|x64.Build.0 = Release|Any CPU
		{30942DBD-3C49-4563-BA9B-097A9D511C93}.Release|x86.ActiveCfg = Release|Any CPU
		{30942DBD-3C49-4563-BA9B-097A9D511C93}.Release|x86.Build.0 = Release|Any CPU
		{D985C7FF-0BA6-4EA9-9B71-158D229AEDBD}.Debug|Any CPU.ActiveCfg = Debug|Any CPU
		{D985C7FF-0BA6-4EA9-9B71-158D229AEDBD}.Debug|Any CPU.Build.0 = Debug|Any CPU
		{D985C7FF-0BA6-4EA9-9B71-158D229AEDBD}.Debug|x64.ActiveCfg = Debug|Any CPU
		{D985C7FF-0BA6-4EA9-9B71-158D229AEDBD}.Debug|x64.Build.0 = Debug|Any CPU
		{D985C7FF-0BA6-4EA9-9B71-158D229AEDBD}.Debug|x86.ActiveCfg = Debug|Any CPU
		{D985C7FF-0BA6-4EA9-9B71-158D229AEDBD}.Debug|x86.Build.0 = Debug|Any CPU
		{D985C7FF-0BA6-4EA9-9B71-158D229AEDBD}.Release|Any CPU.ActiveCfg = Release|Any CPU
		{D985C7FF-0BA6-4EA9-9B71-158D229AEDBD}.Release|Any CPU.Build.0 = Release|Any CPU
		{D985C7FF-0BA6-4EA9-9B71-158D229AEDBD}.Release|x64.ActiveCfg = Release|Any CPU
		{D985C7FF-0BA6-4EA9-9B71-158D229AEDBD}.Release|x64.Build.0 = Release|Any CPU
		{D985C7FF-0BA6-4EA9-9B71-158D229AEDBD}.Release|x86.ActiveCfg = Release|Any CPU
		{D985C7FF-0BA6-4EA9-9B71-158D229AEDBD}.Release|x86.Build.0 = Release|Any CPU
	EndGlobalSection
	GlobalSection(SolutionProperties) = preSolution
		HideSolutionNode = FALSE
	EndGlobalSection
	GlobalSection(ExtensibilityGlobals) = postSolution
		SolutionGuid = {FC494675-1DA4-4192-88ED-B487B6FDE135}
	EndGlobalSection
EndGlobal
